// !$*UTF8*$!
{
	archiveVersion = 1;
	classes = {
	};
	objectVersion = 46;
	objects = {

/* Begin PBXBuildFile section */
		1B68A9351DAE78BE00DF2F38 /* GrantedPermissionsViewController.m in Sources */ = {isa = PBXBuildFile; fileRef = 1B68A9311DAE78BE00DF2F38 /* GrantedPermissionsViewController.m */; };
		1B68A9361DAE78BE00DF2F38 /* SamplePermissionViewController.m in Sources */ = {isa = PBXBuildFile; fileRef = 1B68A9331DAE78BE00DF2F38 /* SamplePermissionViewController.m */; };
		1B68A9371DAE78BE00DF2F38 /* SamplePermissionViewController.xib in Resources */ = {isa = PBXBuildFile; fileRef = 1B68A9341DAE78BE00DF2F38 /* SamplePermissionViewController.xib */; };
		1B68A9471DAE7AEA00DF2F38 /* ISHPermissionKit.framework in Frameworks */ = {isa = PBXBuildFile; fileRef = 1B68A9421DAE7AB300DF2F38 /* ISHPermissionKit.framework */; };
		1B68A9481DAE7AEA00DF2F38 /* ISHPermissionKit.framework in Embed Frameworks */ = {isa = PBXBuildFile; fileRef = 1B68A9421DAE7AB300DF2F38 /* ISHPermissionKit.framework */; settings = {ATTRIBUTES = (CodeSignOnCopy, RemoveHeadersOnCopy, ); }; };
		1BBD90EA1DAE781500712EDD /* main.m in Sources */ = {isa = PBXBuildFile; fileRef = 1BBD90E91DAE781500712EDD /* main.m */; };
		1BBD90ED1DAE781500712EDD /* AppDelegate.m in Sources */ = {isa = PBXBuildFile; fileRef = 1BBD90EC1DAE781500712EDD /* AppDelegate.m */; };
		1BBD90F51DAE781500712EDD /* Assets.xcassets in Resources */ = {isa = PBXBuildFile; fileRef = 1BBD90F41DAE781500712EDD /* Assets.xcassets */; };
		1BBD90F81DAE781500712EDD /* LaunchScreen.storyboard in Resources */ = {isa = PBXBuildFile; fileRef = 1BBD90F61DAE781500712EDD /* LaunchScreen.storyboard */; };
/* End PBXBuildFile section */

/* Begin PBXContainerItemProxy section */
		1B68A9411DAE7AB300DF2F38 /* PBXContainerItemProxy */ = {
			isa = PBXContainerItemProxy;
			containerPortal = 1B68A93B1DAE7AB300DF2F38 /* ISHPermissionKit.xcodeproj */;
			proxyType = 2;
			remoteGlobalIDString = DCC1BFA5195B174200362559;
			remoteInfo = ISHPermissionKit;
		};
		1B68A9431DAE7AB300DF2F38 /* PBXContainerItemProxy */ = {
			isa = PBXContainerItemProxy;
			containerPortal = 1B68A93B1DAE7AB300DF2F38 /* ISHPermissionKit.xcodeproj */;
			proxyType = 2;
			remoteGlobalIDString = DCAEF7CA195C60070074EB5B;
			remoteInfo = ISHPermissionKitLib;
		};
		1B68A9451DAE7AB300DF2F38 /* PBXContainerItemProxy */ = {
			isa = PBXContainerItemProxy;
			containerPortal = 1B68A93B1DAE7AB300DF2F38 /* ISHPermissionKit.xcodeproj */;
			proxyType = 2;
			remoteGlobalIDString = DCC1BFB0195B174200362559;
			remoteInfo = ISHPermissionKitTests;
		};
		1B68A9491DAE7AEA00DF2F38 /* PBXContainerItemProxy */ = {
			isa = PBXContainerItemProxy;
			containerPortal = 1B68A93B1DAE7AB300DF2F38 /* ISHPermissionKit.xcodeproj */;
			proxyType = 1;
			remoteGlobalIDString = DCC1BFA4195B174200362559;
			remoteInfo = ISHPermissionKit;
		};
/* End PBXContainerItemProxy section */

/* Begin PBXCopyFilesBuildPhase section */
		1B68A94B1DAE7AEB00DF2F38 /* Embed Frameworks */ = {
			isa = PBXCopyFilesBuildPhase;
			buildActionMask = 2147483647;
			dstPath = "";
			dstSubfolderSpec = 10;
			files = (
				1B68A9481DAE7AEA00DF2F38 /* ISHPermissionKit.framework in Embed Frameworks */,
			);
			name = "Embed Frameworks";
			runOnlyForDeploymentPostprocessing = 0;
		};
/* End PBXCopyFilesBuildPhase section */

/* Begin PBXFileReference section */
		1B68A9301DAE78BE00DF2F38 /* GrantedPermissionsViewController.h */ = {isa = PBXFileReference; fileEncoding = 4; lastKnownFileType = sourcecode.c.h; path = GrantedPermissionsViewController.h; sourceTree = "<group>"; };
		1B68A9311DAE78BE00DF2F38 /* GrantedPermissionsViewController.m */ = {isa = PBXFileReference; fileEncoding = 4; lastKnownFileType = sourcecode.c.objc; path = GrantedPermissionsViewController.m; sourceTree = "<group>"; };
		1B68A9321DAE78BE00DF2F38 /* SamplePermissionViewController.h */ = {isa = PBXFileReference; fileEncoding = 4; lastKnownFileType = sourcecode.c.h; path = SamplePermissionViewController.h; sourceTree = "<group>"; };
		1B68A9331DAE78BE00DF2F38 /* SamplePermissionViewController.m */ = {isa = PBXFileReference; fileEncoding = 4; lastKnownFileType = sourcecode.c.objc; path = SamplePermissionViewController.m; sourceTree = "<group>"; };
		1B68A9341DAE78BE00DF2F38 /* SamplePermissionViewController.xib */ = {isa = PBXFileReference; fileEncoding = 4; lastKnownFileType = file.xib; path = SamplePermissionViewController.xib; sourceTree = "<group>"; };
		1B68A93B1DAE7AB300DF2F38 /* ISHPermissionKit.xcodeproj */ = {isa = PBXFileReference; lastKnownFileType = "wrapper.pb-project"; name = ISHPermissionKit.xcodeproj; path = submodules/ISHPermissionKit/ISHPermissionKit.xcodeproj; sourceTree = SOURCE_ROOT; };
		1B68A94D1DAE7B2A00DF2F38 /* ISHPermissionKitAppConfiguration.xcconfig */ = {isa = PBXFileReference; lastKnownFileType = text.xcconfig; name = ISHPermissionKitAppConfiguration.xcconfig; path = submodules/ISHPermissionKitAppConfiguration.xcconfig; sourceTree = "<group>"; };
		1BBD90E51DAE781500712EDD /* ISHPermissionKitSampleApp.app */ = {isa = PBXFileReference; explicitFileType = wrapper.application; includeInIndex = 0; path = ISHPermissionKitSampleApp.app; sourceTree = BUILT_PRODUCTS_DIR; };
		1BBD90E91DAE781500712EDD /* main.m */ = {isa = PBXFileReference; lastKnownFileType = sourcecode.c.objc; path = main.m; sourceTree = "<group>"; };
		1BBD90EB1DAE781500712EDD /* AppDelegate.h */ = {isa = PBXFileReference; lastKnownFileType = sourcecode.c.h; path = AppDelegate.h; sourceTree = "<group>"; };
		1BBD90EC1DAE781500712EDD /* AppDelegate.m */ = {isa = PBXFileReference; lastKnownFileType = sourcecode.c.objc; path = AppDelegate.m; sourceTree = "<group>"; };
		1BBD90F41DAE781500712EDD /* Assets.xcassets */ = {isa = PBXFileReference; lastKnownFileType = folder.assetcatalog; path = Assets.xcassets; sourceTree = "<group>"; };
		1BBD90F71DAE781500712EDD /* Base */ = {isa = PBXFileReference; lastKnownFileType = file.storyboard; name = Base; path = Base.lproj/LaunchScreen.storyboard; sourceTree = "<group>"; };
		1BBD90F91DAE781500712EDD /* Info.plist */ = {isa = PBXFileReference; lastKnownFileType = text.plist.xml; path = Info.plist; sourceTree = "<group>"; };
/* End PBXFileReference section */

/* Begin PBXFrameworksBuildPhase section */
		1BBD90E21DAE781500712EDD /* Frameworks */ = {
			isa = PBXFrameworksBuildPhase;
			buildActionMask = 2147483647;
			files = (
				1B68A9471DAE7AEA00DF2F38 /* ISHPermissionKit.framework in Frameworks */,
			);
			runOnlyForDeploymentPostprocessing = 0;
		};
/* End PBXFrameworksBuildPhase section */

/* Begin PBXGroup section */
		1B68A93A1DAE7AA700DF2F38 /* Frameworks */ = {
			isa = PBXGroup;
			children = (
				1B68A93B1DAE7AB300DF2F38 /* ISHPermissionKit.xcodeproj */,
			);
			name = Frameworks;
			path = ISHPermissionKitSampleApp;
			sourceTree = "<group>";
		};
		1B68A93C1DAE7AB300DF2F38 /* Products */ = {
			isa = PBXGroup;
			children = (
				1B68A9421DAE7AB300DF2F38 /* ISHPermissionKit.framework */,
				1B68A9441DAE7AB300DF2F38 /* libISHPermissionKitLib.a */,
				1B68A9461DAE7AB300DF2F38 /* ISHPermissionKitTests.xctest */,
			);
			name = Products;
			sourceTree = "<group>";
		};
		1BBD90DC1DAE781500712EDD = {
			isa = PBXGroup;
			children = (
				1B68A94D1DAE7B2A00DF2F38 /* ISHPermissionKitAppConfiguration.xcconfig */,
				1BBD90E71DAE781500712EDD /* ISHPermissionKitSampleApp */,
				1B68A93A1DAE7AA700DF2F38 /* Frameworks */,
				1BBD90E61DAE781500712EDD /* Products */,
			);
			sourceTree = "<group>";
		};
		1BBD90E61DAE781500712EDD /* Products */ = {
			isa = PBXGroup;
			children = (
				1BBD90E51DAE781500712EDD /* ISHPermissionKitSampleApp.app */,
			);
			name = Products;
			sourceTree = "<group>";
		};
		1BBD90E71DAE781500712EDD /* ISHPermissionKitSampleApp */ = {
			isa = PBXGroup;
			children = (
				1BBD90EB1DAE781500712EDD /* AppDelegate.h */,
				1BBD90EC1DAE781500712EDD /* AppDelegate.m */,
				1B68A9301DAE78BE00DF2F38 /* GrantedPermissionsViewController.h */,
				1B68A9311DAE78BE00DF2F38 /* GrantedPermissionsViewController.m */,
				1B68A9321DAE78BE00DF2F38 /* SamplePermissionViewController.h */,
				1B68A9331DAE78BE00DF2F38 /* SamplePermissionViewController.m */,
				1B68A9341DAE78BE00DF2F38 /* SamplePermissionViewController.xib */,
				1BBD90E81DAE781500712EDD /* Supporting Files */,
			);
			path = ISHPermissionKitSampleApp;
			sourceTree = "<group>";
		};
		1BBD90E81DAE781500712EDD /* Supporting Files */ = {
			isa = PBXGroup;
			children = (
				1BBD90F41DAE781500712EDD /* Assets.xcassets */,
				1BBD90F61DAE781500712EDD /* LaunchScreen.storyboard */,
				1BBD90F91DAE781500712EDD /* Info.plist */,
				1BBD90E91DAE781500712EDD /* main.m */,
			);
			name = "Supporting Files";
			sourceTree = "<group>";
		};
/* End PBXGroup section */

/* Begin PBXNativeTarget section */
		1BBD90E41DAE781500712EDD /* ISHPermissionKitSampleApp */ = {
			isa = PBXNativeTarget;
			buildConfigurationList = 1BBD90FC1DAE781500712EDD /* Build configuration list for PBXNativeTarget "ISHPermissionKitSampleApp" */;
			buildPhases = (
				1BBD90E11DAE781500712EDD /* Sources */,
				1BBD90E21DAE781500712EDD /* Frameworks */,
				1BBD90E31DAE781500712EDD /* Resources */,
				1B68A94B1DAE7AEB00DF2F38 /* Embed Frameworks */,
			);
			buildRules = (
			);
			dependencies = (
				1B68A94A1DAE7AEA00DF2F38 /* PBXTargetDependency */,
			);
			name = ISHPermissionKitSampleApp;
			productName = ISHPermissionKitSampleApp;
			productReference = 1BBD90E51DAE781500712EDD /* ISHPermissionKitSampleApp.app */;
			productType = "com.apple.product-type.application";
		};
/* End PBXNativeTarget section */

/* Begin PBXProject section */
		1BBD90DD1DAE781500712EDD /* Project object */ = {
			isa = PBXProject;
			attributes = {
				LastUpgradeCheck = 0810;
				ORGANIZATIONNAME = "iosphere GmbH";
				TargetAttributes = {
					1BBD90E41DAE781500712EDD = {
						CreatedOnToolsVersion = 8.1;
						ProvisioningStyle = Automatic;
					};
				};
			};
			buildConfigurationList = 1BBD90E01DAE781500712EDD /* Build configuration list for PBXProject "ISHPermissionKitSampleApp" */;
			compatibilityVersion = "Xcode 3.2";
			developmentRegion = English;
			hasScannedForEncodings = 0;
			knownRegions = (
				en,
				Base,
			);
			mainGroup = 1BBD90DC1DAE781500712EDD;
			productRefGroup = 1BBD90E61DAE781500712EDD /* Products */;
			projectDirPath = "";
			projectReferences = (
				{
					ProductGroup = 1B68A93C1DAE7AB300DF2F38 /* Products */;
					ProjectRef = 1B68A93B1DAE7AB300DF2F38 /* ISHPermissionKit.xcodeproj */;
				},
			);
			projectRoot = "";
			targets = (
				1BBD90E41DAE781500712EDD /* ISHPermissionKitSampleApp */,
			);
		};
/* End PBXProject section */

/* Begin PBXReferenceProxy section */
		1B68A9421DAE7AB300DF2F38 /* ISHPermissionKit.framework */ = {
			isa = PBXReferenceProxy;
			fileType = wrapper.framework;
			path = ISHPermissionKit.framework;
			remoteRef = 1B68A9411DAE7AB300DF2F38 /* PBXContainerItemProxy */;
			sourceTree = BUILT_PRODUCTS_DIR;
		};
		1B68A9441DAE7AB300DF2F38 /* libISHPermissionKitLib.a */ = {
			isa = PBXReferenceProxy;
			fileType = archive.ar;
			path = libISHPermissionKitLib.a;
			remoteRef = 1B68A9431DAE7AB300DF2F38 /* PBXContainerItemProxy */;
			sourceTree = BUILT_PRODUCTS_DIR;
		};
		1B68A9461DAE7AB300DF2F38 /* ISHPermissionKitTests.xctest */ = {
			isa = PBXReferenceProxy;
			fileType = wrapper.cfbundle;
			path = ISHPermissionKitTests.xctest;
			remoteRef = 1B68A9451DAE7AB300DF2F38 /* PBXContainerItemProxy */;
			sourceTree = BUILT_PRODUCTS_DIR;
		};
/* End PBXReferenceProxy section */

/* Begin PBXResourcesBuildPhase section */
		1BBD90E31DAE781500712EDD /* Resources */ = {
			isa = PBXResourcesBuildPhase;
			buildActionMask = 2147483647;
			files = (
				1B68A9371DAE78BE00DF2F38 /* SamplePermissionViewController.xib in Resources */,
				1BBD90F81DAE781500712EDD /* LaunchScreen.storyboard in Resources */,
				1BBD90F51DAE781500712EDD /* Assets.xcassets in Resources */,
			);
			runOnlyForDeploymentPostprocessing = 0;
		};
/* End PBXResourcesBuildPhase section */

/* Begin PBXSourcesBuildPhase section */
		1BBD90E11DAE781500712EDD /* Sources */ = {
			isa = PBXSourcesBuildPhase;
			buildActionMask = 2147483647;
			files = (
				1B68A9351DAE78BE00DF2F38 /* GrantedPermissionsViewController.m in Sources */,
				1BBD90ED1DAE781500712EDD /* AppDelegate.m in Sources */,
				1B68A9361DAE78BE00DF2F38 /* SamplePermissionViewController.m in Sources */,
				1BBD90EA1DAE781500712EDD /* main.m in Sources */,
			);
			runOnlyForDeploymentPostprocessing = 0;
		};
/* End PBXSourcesBuildPhase section */

/* Begin PBXTargetDependency section */
		1B68A94A1DAE7AEA00DF2F38 /* PBXTargetDependency */ = {
			isa = PBXTargetDependency;
			name = ISHPermissionKit;
			targetProxy = 1B68A9491DAE7AEA00DF2F38 /* PBXContainerItemProxy */;
		};
/* End PBXTargetDependency section */

/* Begin PBXVariantGroup section */
		1BBD90F61DAE781500712EDD /* LaunchScreen.storyboard */ = {
			isa = PBXVariantGroup;
			children = (
				1BBD90F71DAE781500712EDD /* Base */,
			);
			name = LaunchScreen.storyboard;
			sourceTree = "<group>";
		};
/* End PBXVariantGroup section */

/* Begin XCBuildConfiguration section */
		1BBD90FA1DAE781500712EDD /* Debug */ = {
			isa = XCBuildConfiguration;
			baseConfigurationReference = 1B68A94D1DAE7B2A00DF2F38 /* ISHPermissionKitAppConfiguration.xcconfig */;
			buildSettings = {
				ALWAYS_SEARCH_USER_PATHS = NO;
				CLANG_ANALYZER_NONNULL = YES;
				CLANG_CXX_LANGUAGE_STANDARD = "gnu++0x";
				CLANG_CXX_LIBRARY = "libc++";
				CLANG_ENABLE_MODULES = YES;
				CLANG_ENABLE_OBJC_ARC = YES;
				CLANG_WARN_BOOL_CONVERSION = YES;
				CLANG_WARN_CONSTANT_CONVERSION = YES;
				CLANG_WARN_DIRECT_OBJC_ISA_USAGE = YES_ERROR;
				CLANG_WARN_DOCUMENTATION_COMMENTS = YES;
				CLANG_WARN_EMPTY_BODY = YES;
				CLANG_WARN_ENUM_CONVERSION = YES;
				CLANG_WARN_INFINITE_RECURSION = YES;
				CLANG_WARN_INT_CONVERSION = YES;
				CLANG_WARN_OBJC_ROOT_CLASS = YES_ERROR;
				CLANG_WARN_SUSPICIOUS_MOVES = YES;
				CLANG_WARN_UNREACHABLE_CODE = YES;
				CLANG_WARN__DUPLICATE_METHOD_MATCH = YES;
				"CODE_SIGN_IDENTITY[sdk=iphoneos*]" = "iPhone Developer";
				COPY_PHASE_STRIP = NO;
				DEBUG_INFORMATION_FORMAT = dwarf;
				ENABLE_STRICT_OBJC_MSGSEND = YES;
				ENABLE_TESTABILITY = YES;
				GCC_C_LANGUAGE_STANDARD = gnu99;
				GCC_DYNAMIC_NO_PIC = NO;
				GCC_NO_COMMON_BLOCKS = YES;
				GCC_OPTIMIZATION_LEVEL = 0;
				GCC_PREPROCESSOR_DEFINITIONS = (
					"DEBUG=1",
					"$(inherited)",
				);
				GCC_WARN_64_TO_32_BIT_CONVERSION = YES;
				GCC_WARN_ABOUT_RETURN_TYPE = YES_ERROR;
				GCC_WARN_UNDECLARED_SELECTOR = YES;
				GCC_WARN_UNINITIALIZED_AUTOS = YES_AGGRESSIVE;
				GCC_WARN_UNUSED_FUNCTION = YES;
				GCC_WARN_UNUSED_VARIABLE = YES;
				IPHONEOS_DEPLOYMENT_TARGET = 8.0;
				MTL_ENABLE_DEBUG_INFO = YES;
				ONLY_ACTIVE_ARCH = YES;
				SDKROOT = iphoneos;
				TARGETED_DEVICE_FAMILY = "1,2";
			};
			name = Debug;
		};
		1BBD90FB1DAE781500712EDD /* Release */ = {
			isa = XCBuildConfiguration;
			baseConfigurationReference = 1B68A94D1DAE7B2A00DF2F38 /* ISHPermissionKitAppConfiguration.xcconfig */;
			buildSettings = {
				ALWAYS_SEARCH_USER_PATHS = NO;
				CLANG_ANALYZER_NONNULL = YES;
				CLANG_CXX_LANGUAGE_STANDARD = "gnu++0x";
				CLANG_CXX_LIBRARY = "libc++";
				CLANG_ENABLE_MODULES = YES;
				CLANG_ENABLE_OBJC_ARC = YES;
				CLANG_WARN_BOOL_CONVERSION = YES;
				CLANG_WARN_CONSTANT_CONVERSION = YES;
				CLANG_WARN_DIRECT_OBJC_ISA_USAGE = YES_ERROR;
				CLANG_WARN_DOCUMENTATION_COMMENTS = YES;
				CLANG_WARN_EMPTY_BODY = YES;
				CLANG_WARN_ENUM_CONVERSION = YES;
				CLANG_WARN_INFINITE_RECURSION = YES;
				CLANG_WARN_INT_CONVERSION = YES;
				CLANG_WARN_OBJC_ROOT_CLASS = YES_ERROR;
				CLANG_WARN_SUSPICIOUS_MOVES = YES;
				CLANG_WARN_UNREACHABLE_CODE = YES;
				CLANG_WARN__DUPLICATE_METHOD_MATCH = YES;
				"CODE_SIGN_IDENTITY[sdk=iphoneos*]" = "iPhone Developer";
				COPY_PHASE_STRIP = NO;
				DEBUG_INFORMATION_FORMAT = "dwarf-with-dsym";
				ENABLE_NS_ASSERTIONS = NO;
				ENABLE_STRICT_OBJC_MSGSEND = YES;
				GCC_C_LANGUAGE_STANDARD = gnu99;
				GCC_NO_COMMON_BLOCKS = YES;
				GCC_WARN_64_TO_32_BIT_CONVERSION = YES;
				GCC_WARN_ABOUT_RETURN_TYPE = YES_ERROR;
				GCC_WARN_UNDECLARED_SELECTOR = YES;
				GCC_WARN_UNINITIALIZED_AUTOS = YES_AGGRESSIVE;
				GCC_WARN_UNUSED_FUNCTION = YES;
				GCC_WARN_UNUSED_VARIABLE = YES;
				IPHONEOS_DEPLOYMENT_TARGET = 8.0;
				MTL_ENABLE_DEBUG_INFO = NO;
				SDKROOT = iphoneos;
				TARGETED_DEVICE_FAMILY = "1,2";
				VALIDATE_PRODUCT = YES;
			};
			name = Release;
		};
		1BBD90FD1DAE781500712EDD /* Debug */ = {
			isa = XCBuildConfiguration;
			buildSettings = {
				ASSETCATALOG_COMPILER_APPICON_NAME = AppIcon;
				INFOPLIST_FILE = ISHPermissionKitSampleApp/Info.plist;
				LD_RUNPATH_SEARCH_PATHS = "$(inherited) @executable_path/Frameworks";
				PRODUCT_BUNDLE_IDENTIFIER = de.iosphere.ISHPermissionKitSampleApp;
				PRODUCT_NAME = "$(TARGET_NAME)";
			};
			name = Debug;
		};
		1BBD90FE1DAE781500712EDD /* Release */ = {
			isa = XCBuildConfiguration;
			buildSettings = {
				ASSETCATALOG_COMPILER_APPICON_NAME = AppIcon;
				INFOPLIST_FILE = ISHPermissionKitSampleApp/Info.plist;
				LD_RUNPATH_SEARCH_PATHS = "$(inherited) @executable_path/Frameworks";
				PRODUCT_BUNDLE_IDENTIFIER = de.iosphere.ISHPermissionKitSampleApp;
				PRODUCT_NAME = "$(TARGET_NAME)";
			};
			name = Release;
		};
/* End XCBuildConfiguration section */

/* Begin XCConfigurationList section */
		1BBD90E01DAE781500712EDD /* Build configuration list for PBXProject "ISHPermissionKitSampleApp" */ = {
			isa = XCConfigurationList;
			buildConfigurations = (
				1BBD90FA1DAE781500712EDD /* Debug */,
				1BBD90FB1DAE781500712EDD /* Release */,
			);
			defaultConfigurationIsVisible = 0;
			defaultConfigurationName = Release;
		};
		1BBD90FC1DAE781500712EDD /* Build configuration list for PBXNativeTarget "ISHPermissionKitSampleApp" */ = {
			isa = XCConfigurationList;
			buildConfigurations = (
				1BBD90FD1DAE781500712EDD /* Debug */,
				1BBD90FE1DAE781500712EDD /* Release */,
			);
			defaultConfigurationIsVisible = 0;
			defaultConfigurationName = Release;
		};
/* End XCConfigurationList section */
	};
	rootObject = 1BBD90DD1DAE781500712EDD /* Project object */;
}
